
Microsoft Visual Studio Solution File, Format Version 12.00
# Visual Studio 15
VisualStudioVersion = 15.0.27130.2010
MinimumVisualStudioVersion = 10.0.40219.1
Project("{FAE04EC0-301F-11D3-BF4B-00C04F79EFBC}") = "TestProject.Core", "src\TestProject.Core\TestProject.Core.csproj", "{CC3EBD2B-B20E-4D0B-BAEE-9B97B7F92C6F}"
EndProject
Project("{FAE04EC0-301F-11D3-BF4B-00C04F79EFBC}") = "TestProject.UI", "src\TestProject.UI\TestProject.UI.csproj", "{89CB7598-BCFA-421D-90DB-3D3678441921}"
EndProject
Project("{FAE04EC0-301F-11D3-BF4B-00C04F79EFBC}") = "TestProject.Droid", "src\TestProject.Droid\TestProject.Droid.csproj", "{39D5CD88-C95E-4D29-B4D7-8977B338AE8F}"
EndProject
Project("{FAE04EC0-301F-11D3-BF4B-00C04F79EFBC}") = "TestProject.iOS", "src\TestProject.iOS\TestProject.iOS.csproj", "{74B5A593-1017-4493-8032-857B5674C2A9}"
EndProject
Project("{2150E333-8FDC-42A3-9474-1A3956D46DE8}") = "Android", "Android", "{1584ABBB-492D-4D0E-9A6A-578FF6A739E3}"
EndProject
Project("{2150E333-8FDC-42A3-9474-1A3956D46DE8}") = "iOS", "iOS", "{DE22FDF9-B3ED-4B93-B659-7F0DF68308B7}"
EndProject
Project("{2150E333-8FDC-42A3-9474-1A3956D46DE8}") = "!Solution Items", "!Solution Items", "{4A67559B-CF4B-4F9E-9A42-C9EA34C48890}"
	ProjectSection(SolutionItems) = preProject
		.editorconfig = .editorconfig
	EndProjectSection
EndProject
Global
	GlobalSection(SolutionConfigurationPlatforms) = preSolution
		Debug|Any CPU = Debug|Any CPU
		Debug|ARM = Debug|ARM
		Debug|iPhone = Debug|iPhone
		Debug|iPhoneSimulator = Debug|iPhoneSimulator
		Debug|x64 = Debug|x64
		Debug|x86 = Debug|x86
		Release|Any CPU = Release|Any CPU
		Release|ARM = Release|ARM
		Release|iPhone = Release|iPhone
		Release|iPhoneSimulator = Release|iPhoneSimulator
		Release|x64 = Release|x64
		Release|x86 = Release|x86
	EndGlobalSection
	GlobalSection(ProjectConfigurationPlatforms) = postSolution
		{CC3EBD2B-B20E-4D0B-BAEE-9B97B7F92C6F}.Debug|Any CPU.ActiveCfg = Debug|Any CPU
		{CC3EBD2B-B20E-4D0B-BAEE-9B97B7F92C6F}.Debug|Any CPU.Build.0 = Debug|Any CPU
		{CC3EBD2B-B20E-4D0B-BAEE-9B97B7F92C6F}.Debug|ARM.ActiveCfg = Debug|Any CPU
		{CC3EBD2B-B20E-4D0B-BAEE-9B97B7F92C6F}.Debug|ARM.Build.0 = Debug|Any CPU
		{CC3EBD2B-B20E-4D0B-BAEE-9B97B7F92C6F}.Debug|iPhone.ActiveCfg = Debug|Any CPU
		{CC3EBD2B-B20E-4D0B-BAEE-9B97B7F92C6F}.Debug|iPhone.Build.0 = Debug|Any CPU
		{CC3EBD2B-B20E-4D0B-BAEE-9B97B7F92C6F}.Debug|iPhoneSimulator.ActiveCfg = Debug|Any CPU
		{CC3EBD2B-B20E-4D0B-BAEE-9B97B7F92C6F}.Debug|iPhoneSimulator.Build.0 = Debug|Any CPU
		{CC3EBD2B-B20E-4D0B-BAEE-9B97B7F92C6F}.Debug|x64.ActiveCfg = Debug|Any CPU
		{CC3EBD2B-B20E-4D0B-BAEE-9B97B7F92C6F}.Debug|x64.Build.0 = Debug|Any CPU
		{CC3EBD2B-B20E-4D0B-BAEE-9B97B7F92C6F}.Debug|x86.ActiveCfg = Debug|Any CPU
		{CC3EBD2B-B20E-4D0B-BAEE-9B97B7F92C6F}.Debug|x86.Build.0 = Debug|Any CPU
		{CC3EBD2B-B20E-4D0B-BAEE-9B97B7F92C6F}.Release|Any CPU.ActiveCfg = Release|Any CPU
		{CC3EBD2B-B20E-4D0B-BAEE-9B97B7F92C6F}.Release|Any CPU.Build.0 = Release|Any CPU
		{CC3EBD2B-B20E-4D0B-BAEE-9B97B7F92C6F}.Release|ARM.ActiveCfg = Release|Any CPU
		{CC3EBD2B-B20E-4D0B-BAEE-9B97B7F92C6F}.Release|ARM.Build.0 = Release|Any CPU
		{CC3EBD2B-B20E-4D0B-BAEE-9B97B7F92C6F}.Release|iPhone.ActiveCfg = Release|Any CPU
		{CC3EBD2B-B20E-4D0B-BAEE-9B97B7F92C6F}.Release|iPhone.Build.0 = Release|Any CPU
		{CC3EBD2B-B20E-4D0B-BAEE-9B97B7F92C6F}.Release|iPhoneSimulator.ActiveCfg = Release|Any CPU
		{CC3EBD2B-B20E-4D0B-BAEE-9B97B7F92C6F}.Release|iPhoneSimulator.Build.0 = Release|Any CPU
		{CC3EBD2B-B20E-4D0B-BAEE-9B97B7F92C6F}.Release|x64.ActiveCfg = Release|Any CPU
		{CC3EBD2B-B20E-4D0B-BAEE-9B97B7F92C6F}.Release|x64.Build.0 = Release|Any CPU
		{CC3EBD2B-B20E-4D0B-BAEE-9B97B7F92C6F}.Release|x86.ActiveCfg = Release|Any CPU
		{CC3EBD2B-B20E-4D0B-BAEE-9B97B7F92C6F}.Release|x86.Build.0 = Release|Any CPU
		{89CB7598-BCFA-421D-90DB-3D3678441921}.Debug|Any CPU.ActiveCfg = Debug|Any CPU
		{89CB7598-BCFA-421D-90DB-3D3678441921}.Debug|Any CPU.Build.0 = Debug|Any CPU
		{89CB7598-BCFA-421D-90DB-3D3678441921}.Debug|ARM.ActiveCfg = Debug|Any CPU
		{89CB7598-BCFA-421D-90DB-3D3678441921}.Debug|ARM.Build.0 = Debug|Any CPU
		{89CB7598-BCFA-421D-90DB-3D3678441921}.Debug|iPhone.ActiveCfg = Debug|Any CPU
		{89CB7598-BCFA-421D-90DB-3D3678441921}.Debug|iPhone.Build.0 = Debug|Any CPU
		{89CB7598-BCFA-421D-90DB-3D3678441921}.Debug|iPhoneSimulator.ActiveCfg = Debug|Any CPU
		{89CB7598-BCFA-421D-90DB-3D3678441921}.Debug|iPhoneSimulator.Build.0 = Debug|Any CPU
		{89CB7598-BCFA-421D-90DB-3D3678441921}.Debug|x64.ActiveCfg = Debug|Any CPU
		{89CB7598-BCFA-421D-90DB-3D3678441921}.Debug|x64.Build.0 = Debug|Any CPU
		{89CB7598-BCFA-421D-90DB-3D3678441921}.Debug|x86.ActiveCfg = Debug|Any CPU
		{89CB7598-BCFA-421D-90DB-3D3678441921}.Debug|x86.Build.0 = Debug|Any CPU
		{89CB7598-BCFA-421D-90DB-3D3678441921}.Release|Any CPU.ActiveCfg = Release|Any CPU
		{89CB7598-BCFA-421D-90DB-3D3678441921}.Release|Any CPU.Build.0 = Release|Any CPU
		{89CB7598-BCFA-421D-90DB-3D3678441921}.Release|ARM.ActiveCfg = Release|Any CPU
		{89CB7598-BCFA-421D-90DB-3D3678441921}.Release|ARM.Build.0 = Release|Any CPU
		{89CB7598-BCFA-421D-90DB-3D3678441921}.Release|iPhone.ActiveCfg = Release|Any CPU
		{89CB7598-BCFA-421D-90DB-3D3678441921}.Release|iPhone.Build.0 = Release|Any CPU
		{89CB7598-BCFA-421D-90DB-3D3678441921}.Release|iPhoneSimulator.ActiveCfg = Release|Any CPU
		{89CB7598-BCFA-421D-90DB-3D3678441921}.Release|iPhoneSimulator.Build.0 = Release|Any CPU
		{89CB7598-BCFA-421D-90DB-3D3678441921}.Release|x64.ActiveCfg = Release|Any CPU
		{89CB7598-BCFA-421D-90DB-3D3678441921}.Release|x64.Build.0 = Release|Any CPU
		{89CB7598-BCFA-421D-90DB-3D3678441921}.Release|x86.ActiveCfg = Release|Any CPU
		{89CB7598-BCFA-421D-90DB-3D3678441921}.Release|x86.Build.0 = Release|Any CPU
		{39D5CD88-C95E-4D29-B4D7-8977B338AE8F}.Debug|Any CPU.ActiveCfg = Debug|Any CPU
		{39D5CD88-C95E-4D29-B4D7-8977B338AE8F}.Debug|Any CPU.Build.0 = Debug|Any CPU
		{39D5CD88-C95E-4D29-B4D7-8977B338AE8F}.Debug|Any CPU.Deploy.0 = Debug|Any CPU
		{39D5CD88-C95E-4D29-B4D7-8977B338AE8F}.Debug|ARM.ActiveCfg = Debug|Any CPU
		{39D5CD88-C95E-4D29-B4D7-8977B338AE8F}.Debug|ARM.Build.0 = Debug|Any CPU
		{39D5CD88-C95E-4D29-B4D7-8977B338AE8F}.Debug|ARM.Deploy.0 = Debug|Any CPU
		{39D5CD88-C95E-4D29-B4D7-8977B338AE8F}.Debug|iPhone.ActiveCfg = Debug|Any CPU
		{39D5CD88-C95E-4D29-B4D7-8977B338AE8F}.Debug|iPhone.Build.0 = Debug|Any CPU
		{39D5CD88-C95E-4D29-B4D7-8977B338AE8F}.Debug|iPhone.Deploy.0 = Debug|Any CPU
		{39D5CD88-C95E-4D29-B4D7-8977B338AE8F}.Debug|iPhoneSimulator.ActiveCfg = Debug|Any CPU
		{39D5CD88-C95E-4D29-B4D7-8977B338AE8F}.Debug|iPhoneSimulator.Build.0 = Debug|Any CPU
		{39D5CD88-C95E-4D29-B4D7-8977B338AE8F}.Debug|iPhoneSimulator.Deploy.0 = Debug|Any CPU
		{39D5CD88-C95E-4D29-B4D7-8977B338AE8F}.Debug|x64.ActiveCfg = Debug|Any CPU
		{39D5CD88-C95E-4D29-B4D7-8977B338AE8F}.Debug|x64.Build.0 = Debug|Any CPU
		{39D5CD88-C95E-4D29-B4D7-8977B338AE8F}.Debug|x64.Deploy.0 = Debug|Any CPU
		{39D5CD88-C95E-4D29-B4D7-8977B338AE8F}.Debug|x86.ActiveCfg = Debug|Any CPU
		{39D5CD88-C95E-4D29-B4D7-8977B338AE8F}.Debug|x86.Build.0 = Debug|Any CPU
		{39D5CD88-C95E-4D29-B4D7-8977B338AE8F}.Debug|x86.Deploy.0 = Debug|Any CPU
		{39D5CD88-C95E-4D29-B4D7-8977B338AE8F}.Release|Any CPU.ActiveCfg = Release|Any CPU
		{39D5CD88-C95E-4D29-B4D7-8977B338AE8F}.Release|Any CPU.Build.0 = Release|Any CPU
		{39D5CD88-C95E-4D29-B4D7-8977B338AE8F}.Release|Any CPU.Deploy.0 = Release|Any CPU
		{39D5CD88-C95E-4D29-B4D7-8977B338AE8F}.Release|ARM.ActiveCfg = Release|Any CPU
		{39D5CD88-C95E-4D29-B4D7-8977B338AE8F}.Release|ARM.Build.0 = Release|Any CPU
		{39D5CD88-C95E-4D29-B4D7-8977B338AE8F}.Release|ARM.Deploy.0 = Release|Any CPU
		{39D5CD88-C95E-4D29-B4D7-8977B338AE8F}.Release|iPhone.ActiveCfg = Release|Any CPU
		{39D5CD88-C95E-4D29-B4D7-8977B338AE8F}.Release|iPhone.Build.0 = Release|Any CPU
		{39D5CD88-C95E-4D29-B4D7-8977B338AE8F}.Release|iPhone.Deploy.0 = Release|Any CPU
		{39D5CD88-C95E-4D29-B4D7-8977B338AE8F}.Release|iPhoneSimulator.ActiveCfg = Release|Any CPU
		{39D5CD88-C95E-4D29-B4D7-8977B338AE8F}.Release|iPhoneSimulator.Build.0 = Release|Any CPU
		{39D5CD88-C95E-4D29-B4D7-8977B338AE8F}.Release|iPhoneSimulator.Deploy.0 = Release|Any CPU
		{39D5CD88-C95E-4D29-B4D7-8977B338AE8F}.Release|x64.ActiveCfg = Release|Any CPU
		{39D5CD88-C95E-4D29-B4D7-8977B338AE8F}.Release|x64.Build.0 = Release|Any CPU
		{39D5CD88-C95E-4D29-B4D7-8977B338AE8F}.Release|x64.Deploy.0 = Release|Any CPU
		{39D5CD88-C95E-4D29-B4D7-8977B338AE8F}.Release|x86.ActiveCfg = Release|Any CPU
		{39D5CD88-C95E-4D29-B4D7-8977B338AE8F}.Release|x86.Build.0 = Release|Any CPU
		{39D5CD88-C95E-4D29-B4D7-8977B338AE8F}.Release|x86.Deploy.0 = Release|Any CPU
		{74B5A593-1017-4493-8032-857B5674C2A9}.Debug|Any CPU.ActiveCfg = Debug|iPhone
		{74B5A593-1017-4493-8032-857B5674C2A9}.Debug|Any CPU.Build.0 = Debug|iPhone
		{74B5A593-1017-4493-8032-857B5674C2A9}.Debug|ARM.ActiveCfg = Debug|iPhone
		{74B5A593-1017-4493-8032-857B5674C2A9}.Debug|iPhone.ActiveCfg = Debug|iPhone
		{74B5A593-1017-4493-8032-857B5674C2A9}.Debug|iPhone.Build.0 = Debug|iPhone
		{74B5A593-1017-4493-8032-857B5674C2A9}.Debug|iPhone.Deploy.0 = Debug|iPhone
		{74B5A593-1017-4493-8032-857B5674C2A9}.Debug|iPhoneSimulator.ActiveCfg = Debug|iPhoneSimulator
		{74B5A593-1017-4493-8032-857B5674C2A9}.Debug|iPhoneSimulator.Build.0 = Debug|iPhoneSimulator
		{74B5A593-1017-4493-8032-857B5674C2A9}.Debug|iPhoneSimulator.Deploy.0 = Debug|iPhoneSimulator
		{74B5A593-1017-4493-8032-857B5674C2A9}.Debug|x64.ActiveCfg = Debug|iPhone
		{74B5A593-1017-4493-8032-857B5674C2A9}.Debug|x86.ActiveCfg = Debug|iPhone
		{74B5A593-1017-4493-8032-857B5674C2A9}.Release|Any CPU.ActiveCfg = Release|iPhone
		{74B5A593-1017-4493-8032-857B5674C2A9}.Release|ARM.ActiveCfg = Release|iPhone
		{74B5A593-1017-4493-8032-857B5674C2A9}.Release|iPhone.ActiveCfg = Release|iPhone
		{74B5A593-1017-4493-8032-857B5674C2A9}.Release|iPhone.Build.0 = Release|iPhone
		{74B5A593-1017-4493-8032-857B5674C2A9}.Release|iPhone.Deploy.0 = Release|iPhone
		{74B5A593-1017-4493-8032-857B5674C2A9}.Release|iPhoneSimulator.ActiveCfg = Release|iPhoneSimulator
		{74B5A593-1017-4493-8032-857B5674C2A9}.Release|iPhoneSimulator.Build.0 = Release|iPhoneSimulator
		{74B5A593-1017-4493-8032-857B5674C2A9}.Release|iPhoneSimulator.Deploy.0 = Release|iPhoneSimulator
		{74B5A593-1017-4493-8032-857B5674C2A9}.Release|x64.ActiveCfg = Release|iPhone
		{74B5A593-1017-4493-8032-857B5674C2A9}.Release|x86.ActiveCfg = Release|iPhone
	EndGlobalSection
	GlobalSection(SolutionProperties) = preSolution
		HideSolutionNode = FALSE
	EndGlobalSection
	GlobalSection(NestedProjects) = preSolution
		{39D5CD88-C95E-4D29-B4D7-8977B338AE8F} = {1584ABBB-492D-4D0E-9A6A-578FF6A739E3}
		{74B5A593-1017-4493-8032-857B5674C2A9} = {DE22FDF9-B3ED-4B93-B659-7F0DF68308B7}
	EndGlobalSection
	GlobalSection(ExtensibilityGlobals) = postSolution
		SolutionGuid = {F4C51E33-B966-46C5-8D90-10A34EB91EF1}
	EndGlobalSection
EndGlobal
