
Microsoft Visual Studio Solution File, Format Version 12.00
# Visual Studio Version 16
VisualStudioVersion = 16.0.31424.327
MinimumVisualStudioVersion = 10.0.40219.1
Project("{9A19103F-16F7-4668-BE54-9A1E7A4F7556}") = "TestProject.Core", "src\TestProject.Core\TestProject.Core.csproj", "{CC3EBD2B-B20E-4D0B-BAEE-9B97B7F92C6F}"
EndProject
Project("{9A19103F-16F7-4668-BE54-9A1E7A4F7556}") = "TestProject.UI", "src\TestProject.UI\TestProject.UI.csproj", "{89CB7598-BCFA-421D-90DB-3D3678441921}"
EndProject
Project("{FAE04EC0-301F-11D3-BF4B-00C04F79EFBC}") = "TestProject.Droid", "src\TestProject.Droid\TestProject.Droid.csproj", "{E09FA1B2-FF2E-4666-8384-C5980CC9BCDA}"
EndProject
Project("{FAE04EC0-301F-11D3-BF4B-00C04F79EFBC}") = "TestProject.iOS", "src\TestProject.iOS\TestProject.iOS.csproj", "{3AECD685-1AB1-4F71-8857-5C930A6BE991}"
EndProject
Project("{2150E333-8FDC-42A3-9474-1A3956D46DE8}") = "Android", "Android", "{1584ABBB-492D-4D0E-9A6A-578FF6A739E3}"
EndProject
Project("{2150E333-8FDC-42A3-9474-1A3956D46DE8}") = "iOS", "iOS", "{DE22FDF9-B3ED-4B93-B659-7F0DF68308B7}"
EndProject
Project("{2150E333-8FDC-42A3-9474-1A3956D46DE8}") = "!Solution Items", "!Solution Items", "{4A67559B-CF4B-4F9E-9A42-C9EA34C48890}"
	ProjectSection(SolutionItems) = preProject
		.editorconfig = .editorconfig
	EndProjectSection
EndProject
Global
	GlobalSection(SolutionConfigurationPlatforms) = preSolution
		Debug|Any CPU = Debug|Any CPU
		Debug|ARM = Debug|ARM
		Debug|iPhone = Debug|iPhone
		Debug|iPhoneSimulator = Debug|iPhoneSimulator
		Debug|x64 = Debug|x64
		Debug|x86 = Debug|x86
		Release|Any CPU = Release|Any CPU
		Release|ARM = Release|ARM
		Release|iPhone = Release|iPhone
		Release|iPhoneSimulator = Release|iPhoneSimulator
		Release|x64 = Release|x64
		Release|x86 = Release|x86
	EndGlobalSection
	GlobalSection(ProjectConfigurationPlatforms) = postSolution
		{CC3EBD2B-B20E-4D0B-BAEE-9B97B7F92C6F}.Debug|Any CPU.ActiveCfg = Debug|Any CPU
		{CC3EBD2B-B20E-4D0B-BAEE-9B97B7F92C6F}.Debug|Any CPU.Build.0 = Debug|Any CPU
		{CC3EBD2B-B20E-4D0B-BAEE-9B97B7F92C6F}.Debug|ARM.ActiveCfg = Debug|Any CPU
		{CC3EBD2B-B20E-4D0B-BAEE-9B97B7F92C6F}.Debug|ARM.Build.0 = Debug|Any CPU
		{CC3EBD2B-B20E-4D0B-BAEE-9B97B7F92C6F}.Debug|iPhone.ActiveCfg = Debug|Any CPU
		{CC3EBD2B-B20E-4D0B-BAEE-9B97B7F92C6F}.Debug|iPhone.Build.0 = Debug|Any CPU
		{CC3EBD2B-B20E-4D0B-BAEE-9B97B7F92C6F}.Debug|iPhoneSimulator.ActiveCfg = Debug|Any CPU
		{CC3EBD2B-B20E-4D0B-BAEE-9B97B7F92C6F}.Debug|iPhoneSimulator.Build.0 = Debug|Any CPU
		{CC3EBD2B-B20E-4D0B-BAEE-9B97B7F92C6F}.Debug|x64.ActiveCfg = Debug|Any CPU
		{CC3EBD2B-B20E-4D0B-BAEE-9B97B7F92C6F}.Debug|x64.Build.0 = Debug|Any CPU
		{CC3EBD2B-B20E-4D0B-BAEE-9B97B7F92C6F}.Debug|x86.ActiveCfg = Debug|Any CPU
		{CC3EBD2B-B20E-4D0B-BAEE-9B97B7F92C6F}.Debug|x86.Build.0 = Debug|Any CPU
		{CC3EBD2B-B20E-4D0B-BAEE-9B97B7F92C6F}.Release|Any CPU.ActiveCfg = Release|Any CPU
		{CC3EBD2B-B20E-4D0B-BAEE-9B97B7F92C6F}.Release|Any CPU.Build.0 = Release|Any CPU
		{CC3EBD2B-B20E-4D0B-BAEE-9B97B7F92C6F}.Release|ARM.ActiveCfg = Release|Any CPU
		{CC3EBD2B-B20E-4D0B-BAEE-9B97B7F92C6F}.Release|ARM.Build.0 = Release|Any CPU
		{CC3EBD2B-B20E-4D0B-BAEE-9B97B7F92C6F}.Release|iPhone.ActiveCfg = Release|Any CPU
		{CC3EBD2B-B20E-4D0B-BAEE-9B97B7F92C6F}.Release|iPhone.Build.0 = Release|Any CPU
		{CC3EBD2B-B20E-4D0B-BAEE-9B97B7F92C6F}.Release|iPhoneSimulator.ActiveCfg = Release|Any CPU
		{CC3EBD2B-B20E-4D0B-BAEE-9B97B7F92C6F}.Release|iPhoneSimulator.Build.0 = Release|Any CPU
		{CC3EBD2B-B20E-4D0B-BAEE-9B97B7F92C6F}.Release|x64.ActiveCfg = Release|Any CPU
		{CC3EBD2B-B20E-4D0B-BAEE-9B97B7F92C6F}.Release|x64.Build.0 = Release|Any CPU
		{CC3EBD2B-B20E-4D0B-BAEE-9B97B7F92C6F}.Release|x86.ActiveCfg = Release|Any CPU
		{CC3EBD2B-B20E-4D0B-BAEE-9B97B7F92C6F}.Release|x86.Build.0 = Release|Any CPU
		{89CB7598-BCFA-421D-90DB-3D3678441921}.Debug|Any CPU.ActiveCfg = Debug|Any CPU
		{89CB7598-BCFA-421D-90DB-3D3678441921}.Debug|Any CPU.Build.0 = Debug|Any CPU
		{89CB7598-BCFA-421D-90DB-3D3678441921}.Debug|ARM.ActiveCfg = Debug|Any CPU
		{89CB7598-BCFA-421D-90DB-3D3678441921}.Debug|ARM.Build.0 = Debug|Any CPU
		{89CB7598-BCFA-421D-90DB-3D3678441921}.Debug|iPhone.ActiveCfg = Debug|Any CPU
		{89CB7598-BCFA-421D-90DB-3D3678441921}.Debug|iPhone.Build.0 = Debug|Any CPU
		{89CB7598-BCFA-421D-90DB-3D3678441921}.Debug|iPhoneSimulator.ActiveCfg = Debug|Any CPU
		{89CB7598-BCFA-421D-90DB-3D3678441921}.Debug|iPhoneSimulator.Build.0 = Debug|Any CPU
		{89CB7598-BCFA-421D-90DB-3D3678441921}.Debug|x64.ActiveCfg = Debug|Any CPU
		{89CB7598-BCFA-421D-90DB-3D3678441921}.Debug|x64.Build.0 = Debug|Any CPU
		{89CB7598-BCFA-421D-90DB-3D3678441921}.Debug|x86.ActiveCfg = Debug|Any CPU
		{89CB7598-BCFA-421D-90DB-3D3678441921}.Debug|x86.Build.0 = Debug|Any CPU
		{89CB7598-BCFA-421D-90DB-3D3678441921}.Release|Any CPU.ActiveCfg = Release|Any CPU
		{89CB7598-BCFA-421D-90DB-3D3678441921}.Release|Any CPU.Build.0 = Release|Any CPU
		{89CB7598-BCFA-421D-90DB-3D3678441921}.Release|ARM.ActiveCfg = Release|Any CPU
		{89CB7598-BCFA-421D-90DB-3D3678441921}.Release|ARM.Build.0 = Release|Any CPU
		{89CB7598-BCFA-421D-90DB-3D3678441921}.Release|iPhone.ActiveCfg = Release|Any CPU
		{89CB7598-BCFA-421D-90DB-3D3678441921}.Release|iPhone.Build.0 = Release|Any CPU
		{89CB7598-BCFA-421D-90DB-3D3678441921}.Release|iPhoneSimulator.ActiveCfg = Release|Any CPU
		{89CB7598-BCFA-421D-90DB-3D3678441921}.Release|iPhoneSimulator.Build.0 = Release|Any CPU
		{89CB7598-BCFA-421D-90DB-3D3678441921}.Release|x64.ActiveCfg = Release|Any CPU
		{89CB7598-BCFA-421D-90DB-3D3678441921}.Release|x64.Build.0 = Release|Any CPU
		{89CB7598-BCFA-421D-90DB-3D3678441921}.Release|x86.ActiveCfg = Release|Any CPU
		{89CB7598-BCFA-421D-90DB-3D3678441921}.Release|x86.Build.0 = Release|Any CPU
		{E09FA1B2-FF2E-4666-8384-C5980CC9BCDA}.Debug|Any CPU.ActiveCfg = Debug|Any CPU
		{E09FA1B2-FF2E-4666-8384-C5980CC9BCDA}.Debug|Any CPU.Build.0 = Debug|Any CPU
		{E09FA1B2-FF2E-4666-8384-C5980CC9BCDA}.Debug|Any CPU.Deploy.0 = Debug|Any CPU
		{E09FA1B2-FF2E-4666-8384-C5980CC9BCDA}.Debug|ARM.ActiveCfg = Debug|Any CPU
		{E09FA1B2-FF2E-4666-8384-C5980CC9BCDA}.Debug|ARM.Build.0 = Debug|Any CPU
		{E09FA1B2-FF2E-4666-8384-C5980CC9BCDA}.Debug|ARM.Deploy.0 = Debug|Any CPU
		{E09FA1B2-FF2E-4666-8384-C5980CC9BCDA}.Debug|iPhone.ActiveCfg = Debug|Any CPU
		{E09FA1B2-FF2E-4666-8384-C5980CC9BCDA}.Debug|iPhone.Build.0 = Debug|Any CPU
		{E09FA1B2-FF2E-4666-8384-C5980CC9BCDA}.Debug|iPhone.Deploy.0 = Debug|Any CPU
		{E09FA1B2-FF2E-4666-8384-C5980CC9BCDA}.Debug|iPhoneSimulator.ActiveCfg = Debug|Any CPU
		{E09FA1B2-FF2E-4666-8384-C5980CC9BCDA}.Debug|iPhoneSimulator.Build.0 = Debug|Any CPU
		{E09FA1B2-FF2E-4666-8384-C5980CC9BCDA}.Debug|iPhoneSimulator.Deploy.0 = Debug|Any CPU
		{E09FA1B2-FF2E-4666-8384-C5980CC9BCDA}.Debug|x64.ActiveCfg = Debug|Any CPU
		{E09FA1B2-FF2E-4666-8384-C5980CC9BCDA}.Debug|x64.Build.0 = Debug|Any CPU
		{E09FA1B2-FF2E-4666-8384-C5980CC9BCDA}.Debug|x64.Deploy.0 = Debug|Any CPU
		{E09FA1B2-FF2E-4666-8384-C5980CC9BCDA}.Debug|x86.ActiveCfg = Debug|Any CPU
		{E09FA1B2-FF2E-4666-8384-C5980CC9BCDA}.Debug|x86.Build.0 = Debug|Any CPU
		{E09FA1B2-FF2E-4666-8384-C5980CC9BCDA}.Debug|x86.Deploy.0 = Debug|Any CPU
		{E09FA1B2-FF2E-4666-8384-C5980CC9BCDA}.Release|Any CPU.ActiveCfg = Release|Any CPU
		{E09FA1B2-FF2E-4666-8384-C5980CC9BCDA}.Release|Any CPU.Build.0 = Release|Any CPU
		{E09FA1B2-FF2E-4666-8384-C5980CC9BCDA}.Release|Any CPU.Deploy.0 = Release|Any CPU
		{E09FA1B2-FF2E-4666-8384-C5980CC9BCDA}.Release|ARM.ActiveCfg = Release|Any CPU
		{E09FA1B2-FF2E-4666-8384-C5980CC9BCDA}.Release|ARM.Build.0 = Release|Any CPU
		{E09FA1B2-FF2E-4666-8384-C5980CC9BCDA}.Release|ARM.Deploy.0 = Release|Any CPU
		{E09FA1B2-FF2E-4666-8384-C5980CC9BCDA}.Release|iPhone.ActiveCfg = Release|Any CPU
		{E09FA1B2-FF2E-4666-8384-C5980CC9BCDA}.Release|iPhone.Build.0 = Release|Any CPU
		{E09FA1B2-FF2E-4666-8384-C5980CC9BCDA}.Release|iPhone.Deploy.0 = Release|Any CPU
		{E09FA1B2-FF2E-4666-8384-C5980CC9BCDA}.Release|iPhoneSimulator.ActiveCfg = Release|Any CPU
		{E09FA1B2-FF2E-4666-8384-C5980CC9BCDA}.Release|iPhoneSimulator.Build.0 = Release|Any CPU
		{E09FA1B2-FF2E-4666-8384-C5980CC9BCDA}.Release|iPhoneSimulator.Deploy.0 = Release|Any CPU
		{E09FA1B2-FF2E-4666-8384-C5980CC9BCDA}.Release|x64.ActiveCfg = Release|Any CPU
		{E09FA1B2-FF2E-4666-8384-C5980CC9BCDA}.Release|x64.Build.0 = Release|Any CPU
		{E09FA1B2-FF2E-4666-8384-C5980CC9BCDA}.Release|x64.Deploy.0 = Release|Any CPU
		{E09FA1B2-FF2E-4666-8384-C5980CC9BCDA}.Release|x86.ActiveCfg = Release|Any CPU
		{E09FA1B2-FF2E-4666-8384-C5980CC9BCDA}.Release|x86.Build.0 = Release|Any CPU
		{E09FA1B2-FF2E-4666-8384-C5980CC9BCDA}.Release|x86.Deploy.0 = Release|Any CPU
		{3AECD685-1AB1-4F71-8857-5C930A6BE991}.Debug|Any CPU.ActiveCfg = Debug|iPhone
		{3AECD685-1AB1-4F71-8857-5C930A6BE991}.Debug|Any CPU.Build.0 = Debug|iPhone
		{3AECD685-1AB1-4F71-8857-5C930A6BE991}.Debug|ARM.ActiveCfg = Debug|iPhone
		{3AECD685-1AB1-4F71-8857-5C930A6BE991}.Debug|iPhone.ActiveCfg = Debug|iPhone
		{3AECD685-1AB1-4F71-8857-5C930A6BE991}.Debug|iPhone.Build.0 = Debug|iPhone
		{3AECD685-1AB1-4F71-8857-5C930A6BE991}.Debug|iPhone.Deploy.0 = Debug|iPhone
		{3AECD685-1AB1-4F71-8857-5C930A6BE991}.Debug|iPhoneSimulator.ActiveCfg = Debug|iPhoneSimulator
		{3AECD685-1AB1-4F71-8857-5C930A6BE991}.Debug|iPhoneSimulator.Build.0 = Debug|iPhoneSimulator
		{3AECD685-1AB1-4F71-8857-5C930A6BE991}.Debug|iPhoneSimulator.Deploy.0 = Debug|iPhoneSimulator
		{3AECD685-1AB1-4F71-8857-5C930A6BE991}.Debug|x64.ActiveCfg = Debug|iPhone
		{3AECD685-1AB1-4F71-8857-5C930A6BE991}.Debug|x86.ActiveCfg = Debug|iPhone
		{3AECD685-1AB1-4F71-8857-5C930A6BE991}.Release|Any CPU.ActiveCfg = Release|iPhone
		{3AECD685-1AB1-4F71-8857-5C930A6BE991}.Release|ARM.ActiveCfg = Release|iPhone
		{3AECD685-1AB1-4F71-8857-5C930A6BE991}.Release|iPhone.ActiveCfg = Release|iPhone
		{3AECD685-1AB1-4F71-8857-5C930A6BE991}.Release|iPhone.Build.0 = Release|iPhone
		{3AECD685-1AB1-4F71-8857-5C930A6BE991}.Release|iPhone.Deploy.0 = Release|iPhone
		{3AECD685-1AB1-4F71-8857-5C930A6BE991}.Release|iPhoneSimulator.ActiveCfg = Release|iPhoneSimulator
		{3AECD685-1AB1-4F71-8857-5C930A6BE991}.Release|iPhoneSimulator.Build.0 = Release|iPhoneSimulator
		{3AECD685-1AB1-4F71-8857-5C930A6BE991}.Release|iPhoneSimulator.Deploy.0 = Release|iPhoneSimulator
		{3AECD685-1AB1-4F71-8857-5C930A6BE991}.Release|x64.ActiveCfg = Release|iPhone
		{3AECD685-1AB1-4F71-8857-5C930A6BE991}.Release|x86.ActiveCfg = Release|iPhone
	EndGlobalSection
	GlobalSection(SolutionProperties) = preSolution
		HideSolutionNode = FALSE
	EndGlobalSection
	GlobalSection(NestedProjects) = preSolution
		{E09FA1B2-FF2E-4666-8384-C5980CC9BCDA} = {1584ABBB-492D-4D0E-9A6A-578FF6A739E3}
		{3AECD685-1AB1-4F71-8857-5C930A6BE991} = {DE22FDF9-B3ED-4B93-B659-7F0DF68308B7}
	EndGlobalSection
	GlobalSection(ExtensibilityGlobals) = postSolution
		SolutionGuid = {F4C51E33-B966-46C5-8D90-10A34EB91EF1}
	EndGlobalSection
EndGlobal
